{
  "name": "web_plot",
  "version": "0.0.1",
  "lockfileVersion": 1,
  "requires": true,
  "dependencies": {
    "d3": {
      "version": "3.5.17",
      "resolved": "https://registry.npmjs.org/d3/-/d3-3.5.17.tgz",
      "integrity": "sha1-vEZ0gAQ3iyGjYMn8fPUjF5B2L7g="
    },
    "epoch-charting": {
      "version": "0.8.4",
      "resolved": "https://registry.npmjs.org/epoch-charting/-/epoch-charting-0.8.4.tgz",
      "integrity": "sha1-B+IcfSAzPgN0FdMnPrydkpDCvlo=",
      "requires": {
        "d3": "3.5.17"
      }
    }
  }
}
